
Microsoft Visual Studio Solution File, Format Version 12.00
# Visual Studio Version 17
VisualStudioVersion = 17.0.31903.59
MinimumVisualStudioVersion = 10.0.40219.1
Project("{FAE04EC0-301F-11D3-BF4B-00C04F79EFBC}") = "_01_MainSubjects", "_01_MainSubjects\_01_MainSubjects.csproj", "{CA198604-041F-4F48-8461-1BB7FE184C6A}"
EndProject
Project("{FAE04EC0-301F-11D3-BF4B-00C04F79EFBC}") = "ATMSystem", "ATMSystem\ATMSystem.csproj", "{3C1BF9D3-8DBC-446E-988B-4CE392A8556F}"
EndProject
Global
	GlobalSection(SolutionConfigurationPlatforms) = preSolution
		Debug|Any CPU = Debug|Any CPU
		Release|Any CPU = Release|Any CPU
	EndGlobalSection
	GlobalSection(SolutionProperties) = preSolution
		HideSolutionNode = FALSE
	EndGlobalSection
	GlobalSection(ProjectConfigurationPlatforms) = postSolution
		{CA198604-041F-4F48-8461-1BB7FE184C6A}.Debug|Any CPU.ActiveCfg = Debug|Any CPU
		{CA198604-041F-4F48-8461-1BB7FE184C6A}.Debug|Any CPU.Build.0 = Debug|Any CPU
		{CA198604-041F-4F48-8461-1BB7FE184C6A}.Release|Any CPU.ActiveCfg = Release|Any CPU
		{CA198604-041F-4F48-8461-1BB7FE184C6A}.Release|Any CPU.Build.0 = Release|Any CPU
		{3C1BF9D3-8DBC-446E-988B-4CE392A8556F}.Debug|Any CPU.ActiveCfg = Debug|Any CPU
		{3C1BF9D3-8DBC-446E-988B-4CE392A8556F}.Debug|Any CPU.Build.0 = Debug|Any CPU
		{3C1BF9D3-8DBC-446E-988B-4CE392A8556F}.Release|Any CPU.ActiveCfg = Release|Any CPU
		{3C1BF9D3-8DBC-446E-988B-4CE392A8556F}.Release|Any CPU.Build.0 = Release|Any CPU
	EndGlobalSection
EndGlobal
